
Microsoft Visual Studio Solution File, Format Version 12.00
# Visual Studio Version 17
VisualStudioVersion = 17.4.33103.184
MinimumVisualStudioVersion = 10.0.40219.1
Project("{FAE04EC0-301F-11D3-BF4B-00C04F79EFBC}") = "CloudPlatform.Tool.WebApp", "CloudPlatform.Tool.WebApp\CloudPlatform.Tool.WebApp.csproj", "{0AAFCF78-636A-4646-9F7D-749E46905DDA}"
EndProject
Global
	GlobalSection(SolutionConfigurationPlatforms) = preSolution
		Debug|Any CPU = Debug|Any CPU
		Release|Any CPU = Release|Any CPU
	EndGlobalSection
	GlobalSection(ProjectConfigurationPlatforms) = postSolution
		{0AAFCF78-636A-4646-9F7D-749E46905DDA}.Debug|Any CPU.ActiveCfg = Debug|Any CPU
		{0AAFCF78-636A-4646-9F7D-749E46905DDA}.Debug|Any CPU.Build.0 = Debug|Any CPU
		{0AAFCF78-636A-4646-9F7D-749E46905DDA}.Release|Any CPU.ActiveCfg = Release|Any CPU
		{0AAFCF78-636A-4646-9F7D-749E46905DDA}.Release|Any CPU.Build.0 = Release|Any CPU
	EndGlobalSection
	GlobalSection(SolutionProperties) = preSolution
		HideSolutionNode = FALSE
	EndGlobalSection
	GlobalSection(ExtensibilityGlobals) = postSolution
		SolutionGuid = {1F355F52-1C46-47E5-8A85-B2B34A0603EF}
	EndGlobalSection
EndGlobal
